// !$*UTF8*$!
{
	archiveVersion = 1;
	classes = {
	};
	objectVersion = 50;
	objects = {

/* Begin PBXBuildFile section */
		13AFD93D235D894F00C0FE48 /* AppDelegate.m in Sources */ = {isa = PBXBuildFile; fileRef = 13AFD93C235D894F00C0FE48 /* AppDelegate.m */; };
		13AFD940235D894F00C0FE48 /* ViewController.m in Sources */ = {isa = PBXBuildFile; fileRef = 13AFD93F235D894F00C0FE48 /* ViewController.m */; };
		13AFD943235D894F00C0FE48 /* Main.storyboard in Resources */ = {isa = PBXBuildFile; fileRef = 13AFD941235D894F00C0FE48 /* Main.storyboard */; };
		13AFD945235D895100C0FE48 /* Assets.xcassets in Resources */ = {isa = PBXBuildFile; fileRef = 13AFD944235D895100C0FE48 /* Assets.xcassets */; };
		13AFD948235D895100C0FE48 /* LaunchScreen.storyboard in Resources */ = {isa = PBXBuildFile; fileRef = 13AFD946235D895100C0FE48 /* LaunchScreen.storyboard */; };
		13AFD94B235D895100C0FE48 /* main.m in Sources */ = {isa = PBXBuildFile; fileRef = 13AFD94A235D895100C0FE48 /* main.m */; };
		13AFD958235D899600C0FE48 /* JJGIFPlayer.m in Sources */ = {isa = PBXBuildFile; fileRef = 13AFD953235D899600C0FE48 /* JJGIFPlayer.m */; };
		13AFD959235D899600C0FE48 /* JJTimer.m in Sources */ = {isa = PBXBuildFile; fileRef = 13AFD955235D899600C0FE48 /* JJTimer.m */; };
		13AFD95A235D899600C0FE48 /* JJQueue.m in Sources */ = {isa = PBXBuildFile; fileRef = 13AFD957235D899600C0FE48 /* JJQueue.m */; };
		13AFD95C235D8AB800C0FE48 /* test.mp4 in Resources */ = {isa = PBXBuildFile; fileRef = 13AFD95B235D8AB800C0FE48 /* test.mp4 */; };
/* End PBXBuildFile section */

/* Begin PBXFileReference section */
		13AFD938235D894F00C0FE48 /* JJGIFPlayer.app */ = {isa = PBXFileReference; explicitFileType = wrapper.application; includeInIndex = 0; path = JJGIFPlayer.app; sourceTree = BUILT_PRODUCTS_DIR; };
		13AFD93B235D894F00C0FE48 /* AppDelegate.h */ = {isa = PBXFileReference; lastKnownFileType = sourcecode.c.h; path = AppDelegate.h; sourceTree = "<group>"; };
		13AFD93C235D894F00C0FE48 /* AppDelegate.m */ = {isa = PBXFileReference; lastKnownFileType = sourcecode.c.objc; path = AppDelegate.m; sourceTree = "<group>"; };
		13AFD93E235D894F00C0FE48 /* ViewController.h */ = {isa = PBXFileReference; lastKnownFileType = sourcecode.c.h; path = ViewController.h; sourceTree = "<group>"; };
		13AFD93F235D894F00C0FE48 /* ViewController.m */ = {isa = PBXFileReference; lastKnownFileType = sourcecode.c.objc; path = ViewController.m; sourceTree = "<group>"; };
		13AFD942235D894F00C0FE48 /* Base */ = {isa = PBXFileReference; lastKnownFileType = file.storyboard; name = Base; path = Base.lproj/Main.storyboard; sourceTree = "<group>"; };
		13AFD944235D895100C0FE48 /* Assets.xcassets */ = {isa = PBXFileReference; lastKnownFileType = folder.assetcatalog; path = Assets.xcassets; sourceTree = "<group>"; };
		13AFD947235D895100C0FE48 /* Base */ = {isa = PBXFileReference; lastKnownFileType = file.storyboard; name = Base; path = Base.lproj/LaunchScreen.storyboard; sourceTree = "<group>"; };
		13AFD949235D895100C0FE48 /* Info.plist */ = {isa = PBXFileReference; lastKnownFileType = text.plist.xml; path = Info.plist; sourceTree = "<group>"; };
		13AFD94A235D895100C0FE48 /* main.m */ = {isa = PBXFileReference; lastKnownFileType = sourcecode.c.objc; path = main.m; sourceTree = "<group>"; };
		13AFD952235D899600C0FE48 /* JJTimer.h */ = {isa = PBXFileReference; fileEncoding = 4; lastKnownFileType = sourcecode.c.h; path = JJTimer.h; sourceTree = "<group>"; };
		13AFD953235D899600C0FE48 /* JJGIFPlayer.m */ = {isa = PBXFileReference; fileEncoding = 4; lastKnownFileType = sourcecode.c.objc; path = JJGIFPlayer.m; sourceTree = "<group>"; };
		13AFD954235D899600C0FE48 /* JJQueue.h */ = {isa = PBXFileReference; fileEncoding = 4; lastKnownFileType = sourcecode.c.h; path = JJQueue.h; sourceTree = "<group>"; };
		13AFD955235D899600C0FE48 /* JJTimer.m */ = {isa = PBXFileReference; fileEncoding = 4; lastKnownFileType = sourcecode.c.objc; path = JJTimer.m; sourceTree = "<group>"; };
		13AFD956235D899600C0FE48 /* JJGIFPlayer.h */ = {isa = PBXFileReference; fileEncoding = 4; lastKnownFileType = sourcecode.c.h; path = JJGIFPlayer.h; sourceTree = "<group>"; };
		13AFD957235D899600C0FE48 /* JJQueue.m */ = {isa = PBXFileReference; fileEncoding = 4; lastKnownFileType = sourcecode.c.objc; path = JJQueue.m; sourceTree = "<group>"; };
		13AFD95B235D8AB800C0FE48 /* test.mp4 */ = {isa = PBXFileReference; lastKnownFileType = file; path = test.mp4; sourceTree = "<group>"; };
/* End PBXFileReference section */

/* Begin PBXFrameworksBuildPhase section */
		13AFD935235D894F00C0FE48 /* Frameworks */ = {
			isa = PBXFrameworksBuildPhase;
			buildActionMask = 2147483647;
			files = (
			);
			runOnlyForDeploymentPostprocessing = 0;
		};
/* End PBXFrameworksBuildPhase section */

/* Begin PBXGroup section */
		13AFD92F235D894F00C0FE48 = {
			isa = PBXGroup;
			children = (
				13AFD93A235D894F00C0FE48 /* JJGIFPlayer */,
				13AFD939235D894F00C0FE48 /* Products */,
			);
			sourceTree = "<group>";
		};
		13AFD939235D894F00C0FE48 /* Products */ = {
			isa = PBXGroup;
			children = (
				13AFD938235D894F00C0FE48 /* JJGIFPlayer.app */,
			);
			name = Products;
			sourceTree = "<group>";
		};
		13AFD93A235D894F00C0FE48 /* JJGIFPlayer */ = {
			isa = PBXGroup;
			children = (
				13AFD95B235D8AB800C0FE48 /* test.mp4 */,
				13AFD951235D899600C0FE48 /* Player */,
				13AFD93B235D894F00C0FE48 /* AppDelegate.h */,
				13AFD93C235D894F00C0FE48 /* AppDelegate.m */,
				13AFD93E235D894F00C0FE48 /* ViewController.h */,
				13AFD93F235D894F00C0FE48 /* ViewController.m */,
				13AFD941235D894F00C0FE48 /* Main.storyboard */,
				13AFD944235D895100C0FE48 /* Assets.xcassets */,
				13AFD946235D895100C0FE48 /* LaunchScreen.storyboard */,
				13AFD949235D895100C0FE48 /* Info.plist */,
				13AFD94A235D895100C0FE48 /* main.m */,
			);
			path = JJGIFPlayer;
			sourceTree = "<group>";
		};
		13AFD951235D899600C0FE48 /* Player */ = {
			isa = PBXGroup;
			children = (
				13AFD952235D899600C0FE48 /* JJTimer.h */,
				13AFD955235D899600C0FE48 /* JJTimer.m */,
				13AFD956235D899600C0FE48 /* JJGIFPlayer.h */,
				13AFD953235D899600C0FE48 /* JJGIFPlayer.m */,
				13AFD954235D899600C0FE48 /* JJQueue.h */,
				13AFD957235D899600C0FE48 /* JJQueue.m */,
			);
			path = Player;
			sourceTree = "<group>";
		};
/* End PBXGroup section */

/* Begin PBXNativeTarget section */
		13AFD937235D894F00C0FE48 /* JJGIFPlayer */ = {
			isa = PBXNativeTarget;
			buildConfigurationList = 13AFD94E235D895100C0FE48 /* Build configuration list for PBXNativeTarget "JJGIFPlayer" */;
			buildPhases = (
				13AFD934235D894F00C0FE48 /* Sources */,
				13AFD935235D894F00C0FE48 /* Frameworks */,
				13AFD936235D894F00C0FE48 /* Resources */,
			);
			buildRules = (
			);
			dependencies = (
			);
			name = JJGIFPlayer;
			productName = JJGIFPlayer;
			productReference = 13AFD938235D894F00C0FE48 /* JJGIFPlayer.app */;
			productType = "com.apple.product-type.application";
		};
/* End PBXNativeTarget section */

/* Begin PBXProject section */
		13AFD930235D894F00C0FE48 /* Project object */ = {
			isa = PBXProject;
			attributes = {
				LastUpgradeCheck = 1030;
				ORGANIZATIONNAME = wjj;
				TargetAttributes = {
					13AFD937235D894F00C0FE48 = {
						CreatedOnToolsVersion = 10.3;
					};
				};
			};
			buildConfigurationList = 13AFD933235D894F00C0FE48 /* Build configuration list for PBXProject "JJGIFPlayer" */;
			compatibilityVersion = "Xcode 9.3";
			developmentRegion = en;
			hasScannedForEncodings = 0;
			knownRegions = (
				en,
				Base,
			);
			mainGroup = 13AFD92F235D894F00C0FE48;
			productRefGroup = 13AFD939235D894F00C0FE48 /* Products */;
			projectDirPath = "";
			projectRoot = "";
			targets = (
				13AFD937235D894F00C0FE48 /* JJGIFPlayer */,
			);
		};
/* End PBXProject section */

/* Begin PBXResourcesBuildPhase section */
		13AFD936235D894F00C0FE48 /* Resources */ = {
			isa = PBXResourcesBuildPhase;
			buildActionMask = 2147483647;
			files = (
				13AFD948235D895100C0FE48 /* LaunchScreen.storyboard in Resources */,
				13AFD945235D895100C0FE48 /* Assets.xcassets in Resources */,
				13AFD943235D894F00C0FE48 /* Main.storyboard in Resources */,
				13AFD95C235D8AB800C0FE48 /* test.mp4 in Resources */,
			);
			runOnlyForDeploymentPostprocessing = 0;
		};
/* End PBXResourcesBuildPhase section */

/* Begin PBXSourcesBuildPhase section */
		13AFD934235D894F00C0FE48 /* Sources */ = {
			isa = PBXSourcesBuildPhase;
			buildActionMask = 2147483647;
			files = (
				13AFD940235D894F00C0FE48 /* ViewController.m in Sources */,
				13AFD959235D899600C0FE48 /* JJTimer.m in Sources */,
				13AFD94B235D895100C0FE48 /* main.m in Sources */,
				13AFD93D235D894F00C0FE48 /* AppDelegate.m in Sources */,
				13AFD958235D899600C0FE48 /* JJGIFPlayer.m in Sources */,
				13AFD95A235D899600C0FE48 /* JJQueue.m in Sources */,
			);
			runOnlyForDeploymentPostprocessing = 0;
		};
/* End PBXSourcesBuildPhase section */

/* Begin PBXVariantGroup section */
		13AFD941235D894F00C0FE48 /* Main.storyboard */ = {
			isa = PBXVariantGroup;
			children = (
				13AFD942235D894F00C0FE48 /* Base */,
			);
			name = Main.storyboard;
			sourceTree = "<group>";
		};
		13AFD946235D895100C0FE48 /* LaunchScreen.storyboard */ = {
			isa = PBXVariantGroup;
			children = (
				13AFD947235D895100C0FE48 /* Base */,
			);
			name = LaunchScreen.storyboard;
			sourceTree = "<group>";
		};
/* End PBXVariantGroup section */

/* Begin XCBuildConfiguration section */
		13AFD94C235D895100C0FE48 /* Debug */ = {
			isa = XCBuildConfiguration;
			buildSettings = {
				ALWAYS_SEARCH_USER_PATHS = NO;
				CLANG_ANALYZER_NONNULL = YES;
				CLANG_ANALYZER_NUMBER_OBJECT_CONVERSION = YES_AGGRESSIVE;
				CLANG_CXX_LANGUAGE_STANDARD = "gnu++14";
				CLANG_CXX_LIBRARY = "libc++";
				CLANG_ENABLE_MODULES = YES;
				CLANG_ENABLE_OBJC_ARC = YES;
				CLANG_ENABLE_OBJC_WEAK = YES;
				CLANG_WARN_BLOCK_CAPTURE_AUTORELEASING = YES;
				CLANG_WARN_BOOL_CONVERSION = YES;
				CLANG_WARN_COMMA = YES;
				CLANG_WARN_CONSTANT_CONVERSION = YES;
				CLANG_WARN_DEPRECATED_OBJC_IMPLEMENTATIONS = YES;
				CLANG_WARN_DIRECT_OBJC_ISA_USAGE = YES_ERROR;
				CLANG_WARN_DOCUMENTATION_COMMENTS = YES;
				CLANG_WARN_EMPTY_BODY = YES;
				CLANG_WARN_ENUM_CONVERSION = YES;
				CLANG_WARN_INFINITE_RECURSION = YES;
				CLANG_WARN_INT_CONVERSION = YES;
				CLANG_WARN_NON_LITERAL_NULL_CONVERSION = YES;
				CLANG_WARN_OBJC_IMPLICIT_RETAIN_SELF = YES;
				CLANG_WARN_OBJC_LITERAL_CONVERSION = YES;
				CLANG_WARN_OBJC_ROOT_CLASS = YES_ERROR;
				CLANG_WARN_RANGE_LOOP_ANALYSIS = YES;
				CLANG_WARN_STRICT_PROTOTYPES = YES;
				CLANG_WARN_SUSPICIOUS_MOVE = YES;
				CLANG_WARN_UNGUARDED_AVAILABILITY = YES_AGGRESSIVE;
				CLANG_WARN_UNREACHABLE_CODE = YES;
				CLANG_WARN__DUPLICATE_METHOD_MATCH = YES;
				CODE_SIGN_IDENTITY = "iPhone Developer";
				COPY_PHASE_STRIP = NO;
				DEBUG_INFORMATION_FORMAT = dwarf;
				ENABLE_STRICT_OBJC_MSGSEND = YES;
				ENABLE_TESTABILITY = YES;
				GCC_C_LANGUAGE_STANDARD = gnu11;
				GCC_DYNAMIC_NO_PIC = NO;
				GCC_NO_COMMON_BLOCKS = YES;
				GCC_OPTIMIZATION_LEVEL = 0;
				GCC_PREPROCESSOR_DEFINITIONS = (
					"DEBUG=1",
					"$(inherited)",
				);
				GCC_WARN_64_TO_32_BIT_CONVERSION = YES;
				GCC_WARN_ABOUT_RETURN_TYPE = YES_ERROR;
				GCC_WARN_UNDECLARED_SELECTOR = YES;
				GCC_WARN_UNINITIALIZED_AUTOS = YES_AGGRESSIVE;
				GCC_WARN_UNUSED_FUNCTION = YES;
				GCC_WARN_UNUSED_VARIABLE = YES;
				IPHONEOS_DEPLOYMENT_TARGET = 12.4;
				MTL_ENABLE_DEBUG_INFO = INCLUDE_SOURCE;
				MTL_FAST_MATH = YES;
				ONLY_ACTIVE_ARCH = YES;
				SDKROOT = iphoneos;
			};
			name = Debug;
		};
		13AFD94D235D895100C0FE48 /* Release */ = {
			isa = XCBuildConfiguration;
			buildSettings = {
				ALWAYS_SEARCH_USER_PATHS = NO;
				CLANG_ANALYZER_NONNULL = YES;
				CLANG_ANALYZER_NUMBER_OBJECT_CONVERSION = YES_AGGRESSIVE;
				CLANG_CXX_LANGUAGE_STANDARD = "gnu++14";
				CLANG_CXX_LIBRARY = "libc++";
				CLANG_ENABLE_MODULES = YES;
				CLANG_ENABLE_OBJC_ARC = YES;
				CLANG_ENABLE_OBJC_WEAK = YES;
				CLANG_WARN_BLOCK_CAPTURE_AUTORELEASING = YES;
				CLANG_WARN_BOOL_CONVERSION = YES;
				CLANG_WARN_COMMA = YES;
				CLANG_WARN_CONSTANT_CONVERSION = YES;
				CLANG_WARN_DEPRECATED_OBJC_IMPLEMENTATIONS = YES;
				CLANG_WARN_DIRECT_OBJC_ISA_USAGE = YES_ERROR;
				CLANG_WARN_DOCUMENTATION_COMMENTS = YES;
				CLANG_WARN_EMPTY_BODY = YES;
				CLANG_WARN_ENUM_CONVERSION = YES;
				CLANG_WARN_INFINITE_RECURSION = YES;
				CLANG_WARN_INT_CONVERSION = YES;
				CLANG_WARN_NON_LITERAL_NULL_CONVERSION = YES;
				CLANG_WARN_OBJC_IMPLICIT_RETAIN_SELF = YES;
				CLANG_WARN_OBJC_LITERAL_CONVERSION = YES;
				CLANG_WARN_OBJC_ROOT_CLASS = YES_ERROR;
				CLANG_WARN_RANGE_LOOP_ANALYSIS = YES;
				CLANG_WARN_STRICT_PROTOTYPES = YES;
				CLANG_WARN_SUSPICIOUS_MOVE = YES;
				CLANG_WARN_UNGUARDED_AVAILABILITY = YES_AGGRESSIVE;
				CLANG_WARN_UNREACHABLE_CODE = YES;
				CLANG_WARN__DUPLICATE_METHOD_MATCH = YES;
				CODE_SIGN_IDENTITY = "iPhone Developer";
				COPY_PHASE_STRIP = NO;
				DEBUG_INFORMATION_FORMAT = "dwarf-with-dsym";
				ENABLE_NS_ASSERTIONS = NO;
				ENABLE_STRICT_OBJC_MSGSEND = YES;
				GCC_C_LANGUAGE_STANDARD = gnu11;
				GCC_NO_COMMON_BLOCKS = YES;
				GCC_WARN_64_TO_32_BIT_CONVERSION = YES;
				GCC_WARN_ABOUT_RETURN_TYPE = YES_ERROR;
				GCC_WARN_UNDECLARED_SELECTOR = YES;
				GCC_WARN_UNINITIALIZED_AUTOS = YES_AGGRESSIVE;
				GCC_WARN_UNUSED_FUNCTION = YES;
				GCC_WARN_UNUSED_VARIABLE = YES;
				IPHONEOS_DEPLOYMENT_TARGET = 12.4;
				MTL_ENABLE_DEBUG_INFO = NO;
				MTL_FAST_MATH = YES;
				SDKROOT = iphoneos;
				VALIDATE_PRODUCT = YES;
			};
			name = Release;
		};
		13AFD94F235D895100C0FE48 /* Debug */ = {
			isa = XCBuildConfiguration;
			buildSettings = {
				ASSETCATALOG_COMPILER_APPICON_NAME = AppIcon;
				CODE_SIGN_STYLE = Automatic;
				INFOPLIST_FILE = JJGIFPlayer/Info.plist;
				LD_RUNPATH_SEARCH_PATHS = (
					"$(inherited)",
					"@executable_path/Frameworks",
				);
				PRODUCT_BUNDLE_IDENTIFIER = com.wjj.JJGIFPlayer;
				PRODUCT_NAME = "$(TARGET_NAME)";
				TARGETED_DEVICE_FAMILY = "1,2";
			};
			name = Debug;
		};
		13AFD950235D895100C0FE48 /* Release */ = {
			isa = XCBuildConfiguration;
			buildSettings = {
				ASSETCATALOG_COMPILER_APPICON_NAME = AppIcon;
				CODE_SIGN_STYLE = Automatic;
				INFOPLIST_FILE = JJGIFPlayer/Info.plist;
				LD_RUNPATH_SEARCH_PATHS = (
					"$(inherited)",
					"@executable_path/Frameworks",
				);
				PRODUCT_BUNDLE_IDENTIFIER = com.wjj.JJGIFPlayer;
				PRODUCT_NAME = "$(TARGET_NAME)";
				TARGETED_DEVICE_FAMILY = "1,2";
			};
			name = Release;
		};
/* End XCBuildConfiguration section */

/* Begin XCConfigurationList section */
		13AFD933235D894F00C0FE48 /* Build configuration list for PBXProject "JJGIFPlayer" */ = {
			isa = XCConfigurationList;
			buildConfigurations = (
				13AFD94C235D895100C0FE48 /* Debug */,
				13AFD94D235D895100C0FE48 /* Release */,
			);
			defaultConfigurationIsVisible = 0;
			defaultConfigurationName = Release;
		};
		13AFD94E235D895100C0FE48 /* Build configuration list for PBXNativeTarget "JJGIFPlayer" */ = {
			isa = XCConfigurationList;
			buildConfigurations = (
				13AFD94F235D895100C0FE48 /* Debug */,
				13AFD950235D895100C0FE48 /* Release */,
			);
			defaultConfigurationIsVisible = 0;
			defaultConfigurationName = Release;
		};
/* End XCConfigurationList section */
	};
	rootObject = 13AFD930235D894F00C0FE48 /* Project object */;
}
